
Microsoft Visual Studio Solution File, Format Version 12.00
# Visual Studio Version 16
VisualStudioVersion = 16.0.30128.74
MinimumVisualStudioVersion = 10.0.40219.1
Project("{9A19103F-16F7-4668-BE54-9A1E7A4F7556}") = "Nordic.Abstractions", "Nordic.Abstractions\Nordic.Abstractions.csproj", "{0E565BBC-FE28-4E33-86F6-FA210CD7632F}"
EndProject
Project("{2150E333-8FDC-42A3-9474-1A3956D46DE8}") = "0_Tests_Docu", "0_Tests_Docu", "{58708FCE-F78D-4B44-ACAD-D1B3185BEDBA}"
EndProject
Project("{2150E333-8FDC-42A3-9474-1A3956D46DE8}") = "1_Entity Layer", "1_Entity Layer", "{D62F3C27-195C-4BB1-867E-5E9610D807EA}"
EndProject
Project("{2150E333-8FDC-42A3-9474-1A3956D46DE8}") = "2_Application Layer", "2_Application Layer", "{C69E091D-A3A3-4DE8-BA02-F9F518A6F429}"
EndProject
Project("{2150E333-8FDC-42A3-9474-1A3956D46DE8}") = "3_Infrastructure Layer", "3_Infrastructure Layer", "{2CBBA643-B886-42E2-A7B9-8EA944C2328F}"
EndProject
Project("{2150E333-8FDC-42A3-9474-1A3956D46DE8}") = "4_Presentation Layer", "4_Presentation Layer", "{CC2047A8-F66B-48A5-96BC-6F06935F64D7}"
EndProject
Project("{2150E333-8FDC-42A3-9474-1A3956D46DE8}") = "Solution Items", "Solution Items", "{6429CDD9-13F7-4BCA-8517-973705B0FFDE}"
	ProjectSection(SolutionItems) = preProject
		..\.gitignore = ..\.gitignore
		..\.github\workflows\build-test-scan.yml = ..\.github\workflows\build-test-scan.yml
		..\LICENSE = ..\LICENSE
		..\.github\workflows\publish-docu.yml = ..\.github\workflows\publish-docu.yml
		..\.github\workflows\publish-to-nuget.yml = ..\.github\workflows\publish-to-nuget.yml
		..\README.md = ..\README.md
	EndProjectSection
EndProject
Project("{9A19103F-16F7-4668-BE54-9A1E7A4F7556}") = "Nordic.Simulation.AdaptedFriis", "Nordic.Simulation.AdaptedFriis\Nordic.Simulation.AdaptedFriis.csproj", "{6051C80F-0870-45E9-8A1E-ADA1214D42E2}"
EndProject
Project("{9A19103F-16F7-4668-BE54-9A1E7A4F7556}") = "Nordic.MSTest", "Nordic.MSTest\Nordic.MSTest.csproj", "{1FD7C3B9-BE7D-49EA-831C-7C96E25D7845}"
EndProject
Project("{9A19103F-16F7-4668-BE54-9A1E7A4F7556}") = "Nordic.Simulation.MeshNetwork", "Nordic.Simulation.MeshNetwork\Nordic.Simulation.MeshNetwork.csproj", "{EB28A721-5F11-4F49-99A1-ABD30329317A}"
EndProject
Project("{9A19103F-16F7-4668-BE54-9A1E7A4F7556}") = "Nordic.Runtime", "Nordic.Runtime\Nordic.Runtime.csproj", "{AF64C9C1-9B45-4DBD-8B2B-EC955DE7D00E}"
EndProject
Project("{9A19103F-16F7-4668-BE54-9A1E7A4F7556}") = "Nordic.Simulation.Battery", "Nordic.Simulation.Battery\Nordic.Simulation.Battery.csproj", "{642B56F4-6EC9-4F58-9D04-CC6833192063}"
EndProject
Project("{9A19103F-16F7-4668-BE54-9A1E7A4F7556}") = "Nordic.Cli", "Nordic.Cli\Nordic.Cli.csproj", "{D8450DED-1AF2-406A-8F4A-3D5F4E8D5CFD}"
EndProject
Project("{FAE04EC0-301F-11D3-BF4B-00C04F79EFBC}") = "Nordic.Docu", "Nordic.Docu\Nordic.Docu.csproj", "{91A4CA02-196C-458D-9D2D-429D3435F5B9}"
EndProject
Global
	GlobalSection(SolutionConfigurationPlatforms) = preSolution
		Debug|Any CPU = Debug|Any CPU
		Release|Any CPU = Release|Any CPU
	EndGlobalSection
	GlobalSection(ProjectConfigurationPlatforms) = postSolution
		{0E565BBC-FE28-4E33-86F6-FA210CD7632F}.Debug|Any CPU.ActiveCfg = Debug|Any CPU
		{0E565BBC-FE28-4E33-86F6-FA210CD7632F}.Debug|Any CPU.Build.0 = Debug|Any CPU
		{0E565BBC-FE28-4E33-86F6-FA210CD7632F}.Release|Any CPU.ActiveCfg = Debug|Any CPU
		{0E565BBC-FE28-4E33-86F6-FA210CD7632F}.Release|Any CPU.Build.0 = Debug|Any CPU
		{6051C80F-0870-45E9-8A1E-ADA1214D42E2}.Debug|Any CPU.ActiveCfg = Debug|Any CPU
		{6051C80F-0870-45E9-8A1E-ADA1214D42E2}.Debug|Any CPU.Build.0 = Debug|Any CPU
		{6051C80F-0870-45E9-8A1E-ADA1214D42E2}.Release|Any CPU.ActiveCfg = Debug|Any CPU
		{6051C80F-0870-45E9-8A1E-ADA1214D42E2}.Release|Any CPU.Build.0 = Debug|Any CPU
		{1FD7C3B9-BE7D-49EA-831C-7C96E25D7845}.Debug|Any CPU.ActiveCfg = Debug|Any CPU
		{1FD7C3B9-BE7D-49EA-831C-7C96E25D7845}.Debug|Any CPU.Build.0 = Debug|Any CPU
		{1FD7C3B9-BE7D-49EA-831C-7C96E25D7845}.Release|Any CPU.ActiveCfg = Debug|Any CPU
		{1FD7C3B9-BE7D-49EA-831C-7C96E25D7845}.Release|Any CPU.Build.0 = Debug|Any CPU
		{EB28A721-5F11-4F49-99A1-ABD30329317A}.Debug|Any CPU.ActiveCfg = Debug|Any CPU
		{EB28A721-5F11-4F49-99A1-ABD30329317A}.Debug|Any CPU.Build.0 = Debug|Any CPU
		{EB28A721-5F11-4F49-99A1-ABD30329317A}.Release|Any CPU.ActiveCfg = Debug|Any CPU
		{EB28A721-5F11-4F49-99A1-ABD30329317A}.Release|Any CPU.Build.0 = Debug|Any CPU
		{AF64C9C1-9B45-4DBD-8B2B-EC955DE7D00E}.Debug|Any CPU.ActiveCfg = Debug|Any CPU
		{AF64C9C1-9B45-4DBD-8B2B-EC955DE7D00E}.Debug|Any CPU.Build.0 = Debug|Any CPU
		{AF64C9C1-9B45-4DBD-8B2B-EC955DE7D00E}.Release|Any CPU.ActiveCfg = Debug|Any CPU
		{AF64C9C1-9B45-4DBD-8B2B-EC955DE7D00E}.Release|Any CPU.Build.0 = Debug|Any CPU
		{642B56F4-6EC9-4F58-9D04-CC6833192063}.Debug|Any CPU.ActiveCfg = Debug|Any CPU
		{642B56F4-6EC9-4F58-9D04-CC6833192063}.Debug|Any CPU.Build.0 = Debug|Any CPU
		{642B56F4-6EC9-4F58-9D04-CC6833192063}.Release|Any CPU.ActiveCfg = Debug|Any CPU
		{642B56F4-6EC9-4F58-9D04-CC6833192063}.Release|Any CPU.Build.0 = Debug|Any CPU
		{D8450DED-1AF2-406A-8F4A-3D5F4E8D5CFD}.Debug|Any CPU.ActiveCfg = Debug|Any CPU
		{D8450DED-1AF2-406A-8F4A-3D5F4E8D5CFD}.Debug|Any CPU.Build.0 = Debug|Any CPU
		{D8450DED-1AF2-406A-8F4A-3D5F4E8D5CFD}.Release|Any CPU.ActiveCfg = Debug|Any CPU
		{D8450DED-1AF2-406A-8F4A-3D5F4E8D5CFD}.Release|Any CPU.Build.0 = Debug|Any CPU
		{91A4CA02-196C-458D-9D2D-429D3435F5B9}.Debug|Any CPU.ActiveCfg = Debug|Any CPU
		{91A4CA02-196C-458D-9D2D-429D3435F5B9}.Debug|Any CPU.Build.0 = Debug|Any CPU
		{91A4CA02-196C-458D-9D2D-429D3435F5B9}.Release|Any CPU.ActiveCfg = Debug|Any CPU
		{91A4CA02-196C-458D-9D2D-429D3435F5B9}.Release|Any CPU.Build.0 = Debug|Any CPU
	EndGlobalSection
	GlobalSection(SolutionProperties) = preSolution
		HideSolutionNode = FALSE
	EndGlobalSection
	GlobalSection(NestedProjects) = preSolution
		{0E565BBC-FE28-4E33-86F6-FA210CD7632F} = {D62F3C27-195C-4BB1-867E-5E9610D807EA}
		{6051C80F-0870-45E9-8A1E-ADA1214D42E2} = {C69E091D-A3A3-4DE8-BA02-F9F518A6F429}
		{1FD7C3B9-BE7D-49EA-831C-7C96E25D7845} = {58708FCE-F78D-4B44-ACAD-D1B3185BEDBA}
		{EB28A721-5F11-4F49-99A1-ABD30329317A} = {C69E091D-A3A3-4DE8-BA02-F9F518A6F429}
		{AF64C9C1-9B45-4DBD-8B2B-EC955DE7D00E} = {C69E091D-A3A3-4DE8-BA02-F9F518A6F429}
		{642B56F4-6EC9-4F58-9D04-CC6833192063} = {C69E091D-A3A3-4DE8-BA02-F9F518A6F429}
		{D8450DED-1AF2-406A-8F4A-3D5F4E8D5CFD} = {CC2047A8-F66B-48A5-96BC-6F06935F64D7}
		{91A4CA02-196C-458D-9D2D-429D3435F5B9} = {58708FCE-F78D-4B44-ACAD-D1B3185BEDBA}
	EndGlobalSection
	GlobalSection(ExtensibilityGlobals) = postSolution
		SolutionGuid = {A0BF216D-B758-4450-966F-444D71FE7012}
	EndGlobalSection
EndGlobal
